
Microsoft Visual Studio Solution File, Format Version 12.00
# Visual Studio Version 16
VisualStudioVersion = 16.0.30011.22
MinimumVisualStudioVersion = 10.0.40219.1
Project("{9A19103F-16F7-4668-BE54-9A1E7A4F7556}") = "FAADataParser", "FAADataParser\FAADataParser.csproj", "{B7E584F0-9EBD-4375-BC3F-89F8E0F08FA0}"
EndProject
Project("{9A19103F-16F7-4668-BE54-9A1E7A4F7556}") = "FAADataParserTests", "FAADataParserTests\FAADataParserTests.csproj", "{982B562C-DF11-4BB7-9F7F-EACA5A7B0A97}"
EndProject
Project("{2150E333-8FDC-42A3-9474-1A3956D46DE8}") = "Solution Items", "Solution Items", "{6BF50E96-1237-4FC7-954A-3759385829E8}"
	ProjectSection(SolutionItems) = preProject
		.editorconfig = .editorconfig
	EndProjectSection
EndProject
Project("{9A19103F-16F7-4668-BE54-9A1E7A4F7556}") = "FAADatabase", "FAADatabase\FAADatabase.csproj", "{A61DCFEB-D69F-48A0-BEFE-3FF668C21061}"
EndProject
Project("{FAE04EC0-301F-11D3-BF4B-00C04F79EFBC}") = "CreateDatabase", "CreateDatabase\CreateDatabase.csproj", "{06770F9A-4FF9-4EBC-9CA9-AC1A8310EADF}"
EndProject
Global
	GlobalSection(SolutionConfigurationPlatforms) = preSolution
		Debug|Any CPU = Debug|Any CPU
		Release|Any CPU = Release|Any CPU
	EndGlobalSection
	GlobalSection(ProjectConfigurationPlatforms) = postSolution
		{B7E584F0-9EBD-4375-BC3F-89F8E0F08FA0}.Debug|Any CPU.ActiveCfg = Debug|Any CPU
		{B7E584F0-9EBD-4375-BC3F-89F8E0F08FA0}.Debug|Any CPU.Build.0 = Debug|Any CPU
		{B7E584F0-9EBD-4375-BC3F-89F8E0F08FA0}.Release|Any CPU.ActiveCfg = Release|Any CPU
		{B7E584F0-9EBD-4375-BC3F-89F8E0F08FA0}.Release|Any CPU.Build.0 = Release|Any CPU
		{982B562C-DF11-4BB7-9F7F-EACA5A7B0A97}.Debug|Any CPU.ActiveCfg = Debug|Any CPU
		{982B562C-DF11-4BB7-9F7F-EACA5A7B0A97}.Debug|Any CPU.Build.0 = Debug|Any CPU
		{982B562C-DF11-4BB7-9F7F-EACA5A7B0A97}.Release|Any CPU.ActiveCfg = Release|Any CPU
		{982B562C-DF11-4BB7-9F7F-EACA5A7B0A97}.Release|Any CPU.Build.0 = Release|Any CPU
		{A61DCFEB-D69F-48A0-BEFE-3FF668C21061}.Debug|Any CPU.ActiveCfg = Debug|Any CPU
		{A61DCFEB-D69F-48A0-BEFE-3FF668C21061}.Debug|Any CPU.Build.0 = Debug|Any CPU
		{A61DCFEB-D69F-48A0-BEFE-3FF668C21061}.Release|Any CPU.ActiveCfg = Release|Any CPU
		{A61DCFEB-D69F-48A0-BEFE-3FF668C21061}.Release|Any CPU.Build.0 = Release|Any CPU
		{06770F9A-4FF9-4EBC-9CA9-AC1A8310EADF}.Debug|Any CPU.ActiveCfg = Debug|Any CPU
		{06770F9A-4FF9-4EBC-9CA9-AC1A8310EADF}.Debug|Any CPU.Build.0 = Debug|Any CPU
		{06770F9A-4FF9-4EBC-9CA9-AC1A8310EADF}.Release|Any CPU.ActiveCfg = Release|Any CPU
		{06770F9A-4FF9-4EBC-9CA9-AC1A8310EADF}.Release|Any CPU.Build.0 = Release|Any CPU
	EndGlobalSection
	GlobalSection(SolutionProperties) = preSolution
		HideSolutionNode = FALSE
	EndGlobalSection
	GlobalSection(ExtensibilityGlobals) = postSolution
		SolutionGuid = {C4B71249-2349-4815-8528-A436B01DBFAA}
	EndGlobalSection
EndGlobal
